PODS:
  - LibTorch (1.6.1):
    - LibTorch/Core (= 1.6.1)
  - LibTorch/Core (1.6.1):
    - LibTorch/Torch
  - LibTorch/Torch (1.6.1)
  - OpenCV (4.1.0)

DEPENDENCIES:
  - LibTorch (~> 1.6.0)
  - OpenCV (~> 4.1)

SPEC REPOS:
  https://cdn.cocoapods.org/:
    - LibTorch
    - OpenCV

SPEC CHECKSUMS:
  LibTorch: 32a83630ab5b4505f205c7e332975a2d3d6e0c55
  OpenCV: 52cd4d72ff29e2be83421477aec5447320b7fb19

PODFILE CHECKSUM: 7314efa69bcbfbb9e5ada26ae6d464881314289a

COCOAPODS: 1.8.4
